
Microsoft Visual Studio Solution File, Format Version 12.00
# Visual Studio 2015
Project("{FAE04EC0-301F-11D3-BF4B-00C04F79EFBC}") = "LazzyBee2D.Plugins", "LazzyBee2D.Plugins.csproj", "{CD0197CF-87AD-24B8-472A-1067C724BDD2}"
EndProject
Project("{FAE04EC0-301F-11D3-BF4B-00C04F79EFBC}") = "LazzyBee2D", "LazzyBee2D.csproj", "{7587F23A-6FF9-E847-B510-5845AEDEBA83}"
EndProject
Project("{FAE04EC0-301F-11D3-BF4B-00C04F79EFBC}") = "LazzyBee2D.Editor.Plugins", "LazzyBee2D.Editor.Plugins.csproj", "{F11BFFB5-F5E3-107C-D584-0F7D30B2DB8A}"
EndProject
Project("{FAE04EC0-301F-11D3-BF4B-00C04F79EFBC}") = "LazzyBee2D.Editor", "LazzyBee2D.Editor.csproj", "{E60507AE-AB1D-4F28-FAA0-096921AD8953}"
EndProject
Global
	GlobalSection(SolutionConfigurationPlatforms) = preSolution
		Debug|Any CPU = Debug|Any CPU
		Release|Any CPU = Release|Any CPU
	EndGlobalSection
	GlobalSection(ProjectConfigurationPlatforms) = postSolution
		{CD0197CF-87AD-24B8-472A-1067C724BDD2}.Debug|Any CPU.ActiveCfg = Debug|Any CPU
		{CD0197CF-87AD-24B8-472A-1067C724BDD2}.Debug|Any CPU.Build.0 = Debug|Any CPU
		{CD0197CF-87AD-24B8-472A-1067C724BDD2}.Release|Any CPU.ActiveCfg = Release|Any CPU
		{CD0197CF-87AD-24B8-472A-1067C724BDD2}.Release|Any CPU.Build.0 = Release|Any CPU
		{7587F23A-6FF9-E847-B510-5845AEDEBA83}.Debug|Any CPU.ActiveCfg = Debug|Any CPU
		{7587F23A-6FF9-E847-B510-5845AEDEBA83}.Debug|Any CPU.Build.0 = Debug|Any CPU
		{7587F23A-6FF9-E847-B510-5845AEDEBA83}.Release|Any CPU.ActiveCfg = Release|Any CPU
		{7587F23A-6FF9-E847-B510-5845AEDEBA83}.Release|Any CPU.Build.0 = Release|Any CPU
		{F11BFFB5-F5E3-107C-D584-0F7D30B2DB8A}.Debug|Any CPU.ActiveCfg = Debug|Any CPU
		{F11BFFB5-F5E3-107C-D584-0F7D30B2DB8A}.Debug|Any CPU.Build.0 = Debug|Any CPU
		{F11BFFB5-F5E3-107C-D584-0F7D30B2DB8A}.Release|Any CPU.ActiveCfg = Release|Any CPU
		{F11BFFB5-F5E3-107C-D584-0F7D30B2DB8A}.Release|Any CPU.Build.0 = Release|Any CPU
		{E60507AE-AB1D-4F28-FAA0-096921AD8953}.Debug|Any CPU.ActiveCfg = Debug|Any CPU
		{E60507AE-AB1D-4F28-FAA0-096921AD8953}.Debug|Any CPU.Build.0 = Debug|Any CPU
		{E60507AE-AB1D-4F28-FAA0-096921AD8953}.Release|Any CPU.ActiveCfg = Release|Any CPU
		{E60507AE-AB1D-4F28-FAA0-096921AD8953}.Release|Any CPU.Build.0 = Release|Any CPU
	EndGlobalSection
	GlobalSection(SolutionProperties) = preSolution
		HideSolutionNode = FALSE
	EndGlobalSection
EndGlobal
